%{
  "axon": {:git, "https://github.com/elixir-nx/axon.git", "314f5c0f4f04f87e7fec6eef2c74e9c7000bd426", [branch: "main"]},
  "complex": {:git, "https://github.com/elixir-nx/complex.git", "45b088beb55b43ffa0c5aa1e1382d980b222924f", [branch: "main"]},
  "elixir_make": {:hex, :elixir_make, "0.6.3", "bc07d53221216838d79e03a8019d0839786703129599e9619f4ab74c8c096eac", [:mix], [], "hexpm", "f5cbd651c5678bcaabdbb7857658ee106b12509cd976c2c2fca99688e1daf716"},
  "exla": {:git, "https://github.com/elixir-nx/nx.git", "2cb0aadc91e31735935edf647116b2ae3eac4afa", [sparse: "exla"]},
  "nx": {:git, "https://github.com/elixir-nx/nx.git", "2cb0aadc91e31735935edf647116b2ae3eac4afa", [sparse: "nx"]},
  "table_rex": {:hex, :table_rex, "3.1.1", "0c67164d1714b5e806d5067c1e96ff098ba7ae79413cc075973e17c38a587caa", [:mix], [], "hexpm", "678a23aba4d670419c23c17790f9dcd635a4a89022040df7d5d772cb21012490"},
  "xla": {:hex, :xla, "0.3.0", "7f40d3d799447bd745e6e61985c922821e355eca37c25754bac299d11f137f2e", [:make, :mix], [{:elixir_make, "~> 0.4", [hex: :elixir_make, repo: "hexpm", optional: false]}], "hexpm", "0de304f5624ea2f2ae1afdcbd72d33855364be36fed2cc5de8d6d2ec8950926e"},
}
